
Microsoft Visual Studio Solution File, Format Version 12.00
# Visual Studio Version 16
VisualStudioVersion = 16.0.30517.126
MinimumVisualStudioVersion = 10.0.40219.1
Project("{FAE04EC0-301F-11D3-BF4B-00C04F79EFBC}") = "MatchingGame", "MatchingGame\MatchingGame.csproj", "{504A17D3-D256-4BFB-BBEC-715EA01953BB}"
EndProject
Project("{9A19103F-16F7-4668-BE54-9A1E7A4F7556}") = "MatchingGame.Core", "MatchingGame.Core\MatchingGame.Core.csproj", "{190AD078-58AB-44FE-B8A4-66B56C2208DF}"
EndProject
Project("{9A19103F-16F7-4668-BE54-9A1E7A4F7556}") = "MatchingGame.Service", "MatchingGame.Service\MatchingGame.Service.csproj", "{0BABDEE2-4DB8-42D2-910E-84E56DCF9045}"
EndProject
Global
	GlobalSection(SolutionConfigurationPlatforms) = preSolution
		Debug|Any CPU = Debug|Any CPU
		Release|Any CPU = Release|Any CPU
	EndGlobalSection
	GlobalSection(ProjectConfigurationPlatforms) = postSolution
		{504A17D3-D256-4BFB-BBEC-715EA01953BB}.Debug|Any CPU.ActiveCfg = Debug|Any CPU
		{504A17D3-D256-4BFB-BBEC-715EA01953BB}.Debug|Any CPU.Build.0 = Debug|Any CPU
		{504A17D3-D256-4BFB-BBEC-715EA01953BB}.Release|Any CPU.ActiveCfg = Release|Any CPU
		{504A17D3-D256-4BFB-BBEC-715EA01953BB}.Release|Any CPU.Build.0 = Release|Any CPU
		{190AD078-58AB-44FE-B8A4-66B56C2208DF}.Debug|Any CPU.ActiveCfg = Debug|Any CPU
		{190AD078-58AB-44FE-B8A4-66B56C2208DF}.Debug|Any CPU.Build.0 = Debug|Any CPU
		{190AD078-58AB-44FE-B8A4-66B56C2208DF}.Release|Any CPU.ActiveCfg = Release|Any CPU
		{190AD078-58AB-44FE-B8A4-66B56C2208DF}.Release|Any CPU.Build.0 = Release|Any CPU
		{0BABDEE2-4DB8-42D2-910E-84E56DCF9045}.Debug|Any CPU.ActiveCfg = Debug|Any CPU
		{0BABDEE2-4DB8-42D2-910E-84E56DCF9045}.Debug|Any CPU.Build.0 = Debug|Any CPU
		{0BABDEE2-4DB8-42D2-910E-84E56DCF9045}.Release|Any CPU.ActiveCfg = Release|Any CPU
		{0BABDEE2-4DB8-42D2-910E-84E56DCF9045}.Release|Any CPU.Build.0 = Release|Any CPU
	EndGlobalSection
	GlobalSection(SolutionProperties) = preSolution
		HideSolutionNode = FALSE
	EndGlobalSection
	GlobalSection(ExtensibilityGlobals) = postSolution
		SolutionGuid = {F73992DA-67CB-4D05-9ED8-CF8A036B04D9}
	EndGlobalSection
EndGlobal
